{
    "name": "@eyevinn/m3u8",
    "version": "0.0.8",
    "lockfileVersion": 1,
    "requires": true,
    "dependencies": {
        "buster-core": {
            "version": "0.6.4",
            "resolved": "https://registry.npmjs.org/buster-core/-/buster-core-0.6.4.tgz",
            "integrity": "sha1-J79rrWdCROpyDzEdkAoMoct4YFA=",
            "dev": true
        },
        "buster-format": {
            "version": "0.5.6",
            "resolved": "https://registry.npmjs.org/buster-format/-/buster-format-0.5.6.tgz",
            "integrity": "sha1-K4bDIuz14bCubm55Bev884fSq5U=",
            "dev": true,
            "requires": {
                "buster-core": "=0.6.4"
            }
        },
        "chunked-stream": {
            "version": "0.0.2",
            "resolved": "https://registry.npmjs.org/chunked-stream/-/chunked-stream-0.0.2.tgz",
            "integrity": "sha1-zPdQmNrb8Ls4/zB+EJWCeAUHk54="
        },
        "commander": {
            "version": "0.6.1",
            "resolved": "https://registry.npmjs.org/commander/-/commander-0.6.1.tgz",
            "integrity": "sha1-+mihT2qUXVTbvlDYzbMyDp47GgY=",
            "dev": true
        },
        "debug": {
            "version": "4.1.1",
            "resolved": "https://registry.npmjs.org/debug/-/debug-4.1.1.tgz",
            "integrity": "sha512-pYAIzeRo8J6KPEaJ0VWOh5Pzkbw/RetuzehGM7QRRX5he4fPHx2rdKMB256ehJCkX+XRQm16eZLqLNS8RSZXZw==",
            "dev": true,
            "requires": {
                "ms": "^2.1.1"
            },
            "dependencies": {
                "ms": {
                    "version": "2.1.2",
                    "resolved": "https://registry.npmjs.org/ms/-/ms-2.1.2.tgz",
                    "integrity": "sha512-sGkPx+VjMtmA6MX27oA4FBFELFCZZ4S4XqeGOXCv68tT+jb3vk/RyaKWP0PTKyWtmLSM0b+adUTEvbs1PEaH2w==",
                    "dev": true
                }
            }
        },
        "diff": {
            "version": "1.0.2",
            "resolved": "https://registry.npmjs.org/diff/-/diff-1.0.2.tgz",
            "integrity": "sha1-Suc/Gu6Nb89ITxoc53zmUdm38Mk=",
            "dev": true
        },
        "growl": {
            "version": "1.5.1",
            "resolved": "https://registry.npmjs.org/growl/-/growl-1.5.1.tgz",
            "integrity": "sha1-HezR8ipLMNrn02N5nsYkz0DMAHA=",
            "dev": true
        },
        "jade": {
            "version": "0.26.3",
            "resolved": "https://registry.npmjs.org/jade/-/jade-0.26.3.tgz",
            "integrity": "sha1-jxDXl32NefL2/4YqgbBRPMslaGw=",
            "dev": true,
            "requires": {
                "commander": "0.6.1",
                "mkdirp": "0.3.0"
            },
            "dependencies": {
                "mkdirp": {
                    "version": "0.3.0",
                    "resolved": "https://registry.npmjs.org/mkdirp/-/mkdirp-0.3.0.tgz",
                    "integrity": "sha1-G79asbqCevI1dRQ0kEJkVfSB/h4=",
                    "dev": true
                }
            }
        },
        "mkdirp": {
            "version": "0.3.3",
            "resolved": "https://registry.npmjs.org/mkdirp/-/mkdirp-0.3.3.tgz",
            "integrity": "sha1-WV4lHBNww6aLqyE20ONIuBBa3xM=",
            "dev": true
        },
        "mocha": {
            "version": "1.6.0",
            "resolved": "https://registry.npmjs.org/mocha/-/mocha-1.6.0.tgz",
            "integrity": "sha1-IrcBGIGfRzueQ6PtF4k82/PfUzQ=",
            "dev": true,
            "requires": {
                "commander": "0.6.1",
                "debug": "*",
                "diff": "1.0.2",
                "growl": "1.5.x",
                "jade": "0.26.3",
                "mkdirp": "0.3.3",
                "ms": "0.3.0"
            }
        },
        "ms": {
            "version": "0.3.0",
            "resolved": "https://registry.npmjs.org/ms/-/ms-0.3.0.tgz",
            "integrity": "sha1-A+3DSNYT5mpWSGz9rFO8vomcvWE=",
            "dev": true
        },
        "should": {
            "version": "7.1.1",
            "resolved": "https://registry.npmjs.org/should/-/should-7.1.1.tgz",
            "integrity": "sha1-ZGTEi298Hh8YrASDV4+i3VXCxuA=",
            "dev": true,
            "requires": {
                "should-equal": "0.5.0",
                "should-format": "0.3.1",
                "should-type": "0.2.0"
            }
        },
        "should-equal": {
            "version": "0.5.0",
            "resolved": "https://registry.npmjs.org/should-equal/-/should-equal-0.5.0.tgz",
            "integrity": "sha1-x5fxNfMGf+tp6+zbMGscP+IbPm8=",
            "dev": true,
            "requires": {
                "should-type": "0.2.0"
            }
        },
        "should-format": {
            "version": "0.3.1",
            "resolved": "https://registry.npmjs.org/should-format/-/should-format-0.3.1.tgz",
            "integrity": "sha1-LLt4JGFnCs5CkrKx7EaNuM+Z4zA=",
            "dev": true,
            "requires": {
                "should-type": "0.2.0"
            }
        },
        "should-type": {
            "version": "0.2.0",
            "resolved": "https://registry.npmjs.org/should-type/-/should-type-0.2.0.tgz",
            "integrity": "sha1-ZwfvlVKdmJ3MCY/gdTqx+RNrt/Y=",
            "dev": true
        },
        "sinon": {
            "version": "1.5.2",
            "resolved": "https://registry.npmjs.org/sinon/-/sinon-1.5.2.tgz",
            "integrity": "sha1-nKvGx4vfRF1/gxHVSWhi+VRoxPg=",
            "dev": true,
            "requires": {
                "buster-format": "~0.5"
            }
        }
    }
}
